{
  "nodes": {
    "home-manager": {
      "inputs": {
        "nixpkgs": [
          "nixpkgs"
        ]
      },
      "locked": {
        "lastModified": 1791163078,
        "narHash": "sha256-DiuwfdoZtEqVRsWuAhXcHa+cfvkr0t/xWW8ugkcxNyI=",
        "owner": "nix-community",
        "repo": "home-manager",
        "rev": "f53f3267f5d009dd8f99443505e609389d7ff267",
        "type": "github"
      },
      "original": {
        "owner": "nix-community",
        "repo": "home-manager",
        "type": "github"
      }
    },
    "nanorc": {
      "flake": false,
      "locked": {
        "lastModified": 1608222928,
        "narHash": "sha256-Ust+htNrgFeHDxA8UVkOIk0dA+2mY9RtFh2fe3Buc/I=",
        "owner": "scopatz",
        "repo": "nanorc",
        "rev": "1aa64a86cf4c750e4d4788ef1a19d7a71ab641dd",
        "type": "github"
      },
      "original": {
        "owner": "scopatz",
        "repo": "nanorc",
        "type": "github"
      }
    },
    "nix-darwin": {
      "inputs": {
        "nixpkgs": [
          "nixpkgs"
        ]
      },
      "locked": {
        "lastModified": 1786845137,
        "narHash": "sha256-oQFip+v0luP8NIxJzmiW4Wu8bILsbFWom5l0zonl8hQ=",
        "owner": "nix-darwin",
        "repo": "nix-darwin",
        "rev": "4cff07de74b50e64bdd68cd4e722ab5b6b35ee48",
        "type": "github"
      },
      "original": {
        "owner": "nix-darwin",
        "repo": "nix-darwin",
        "type": "github"
      }
    },
    "nixpkgs": {
      "locked": {
        "lastModified": 1791097562,
        "narHash": "sha256-K9O9lG3UZNFCnwrz0ViWgP3Kgqukg1DvvzsrkFJfcvU=",
        "owner": "NixOS",
        "repo": "nixpkgs",
        "rev": "a322c65bf7233456788a9ebf03bc067db7dc090a",
        "type": "github"
      },
      "original": {
        "owner": "NixOS",
        "ref": "nixpkgs-unstable",
        "repo": "nixpkgs",
        "type": "github"
      }
    },
    "root": {
      "inputs": {
        "home-manager": "home-manager",
        "nanorc": "nanorc",
        "nix-darwin": "nix-darwin",
        "nixpkgs": "nixpkgs"
      }
    }
  },
  "root": "root",
  "version": 7
}
